
Microsoft Visual Studio Solution File, Format Version 12.00
# Visual Studio Version 16
VisualStudioVersion = 16.0.31410.357
MinimumVisualStudioVersion = 10.0.40219.1
Project("{FAE04EC0-301F-11D3-BF4B-00C04F79EFBC}") = "HotfixProject", "HotfixProject\HotfixProject.csproj", "{5E4F5011-171A-4C62-9A7B-4226EBC7D36B}"
EndProject
Global
	GlobalSection(SolutionConfigurationPlatforms) = preSolution
		Debug|Any CPU = Debug|Any CPU
		Release|Any CPU = Release|Any CPU
	EndGlobalSection
	GlobalSection(ProjectConfigurationPlatforms) = postSolution
		{5E4F5011-171A-4C62-9A7B-4226EBC7D36B}.Debug|Any CPU.ActiveCfg = Debug|Any CPU
		{5E4F5011-171A-4C62-9A7B-4226EBC7D36B}.Debug|Any CPU.Build.0 = Debug|Any CPU
		{5E4F5011-171A-4C62-9A7B-4226EBC7D36B}.Release|Any CPU.ActiveCfg = Release|Any CPU
		{5E4F5011-171A-4C62-9A7B-4226EBC7D36B}.Release|Any CPU.Build.0 = Release|Any CPU
	EndGlobalSection
	GlobalSection(SolutionProperties) = preSolution
		HideSolutionNode = FALSE
	EndGlobalSection
	GlobalSection(ExtensibilityGlobals) = postSolution
		SolutionGuid = {86482E84-7DB1-4387-BCAA-EAB75946E6CE}
	EndGlobalSection
EndGlobal
